// !$*UTF8*$!
{
	archiveVersion = 1;
	classes = {
	};
	objectVersion = 46;
	objects = {

/* Begin PBXBuildFile section */
		12D364B81E719AFF000ED70B /* AppDelegate.swift in Sources */ = {isa = PBXBuildFile; fileRef = 12D364B71E719AFF000ED70B /* AppDelegate.swift */; };
		12D364BA1E719AFF000ED70B /* ViewController.swift in Sources */ = {isa = PBXBuildFile; fileRef = 12D364B91E719AFF000ED70B /* ViewController.swift */; };
		12D364BD1E719AFF000ED70B /* Main.storyboard in Resources */ = {isa = PBXBuildFile; fileRef = 12D364BB1E719AFF000ED70B /* Main.storyboard */; };
		12D364BF1E719AFF000ED70B /* Assets.xcassets in Resources */ = {isa = PBXBuildFile; fileRef = 12D364BE1E719AFF000ED70B /* Assets.xcassets */; };
		12D364C21E719AFF000ED70B /* LaunchScreen.storyboard in Resources */ = {isa = PBXBuildFile; fileRef = 12D364C01E719AFF000ED70B /* LaunchScreen.storyboard */; };
		12D364E11E719CBB000ED70B /* cities.json in Resources */ = {isa = PBXBuildFile; fileRef = 12D364E01E719CBB000ED70B /* cities.json */; };
		12D364E31E719EEA000ED70B /* TreeController.framework in Frameworks */ = {isa = PBXBuildFile; fileRef = 12D364E21E719EEA000ED70B /* TreeController.framework */; };
		12D364E41E719EEA000ED70B /* TreeController.framework in Embed Frameworks */ = {isa = PBXBuildFile; fileRef = 12D364E21E719EEA000ED70B /* TreeController.framework */; settings = {ATTRIBUTES = (CodeSignOnCopy, RemoveHeadersOnCopy, ); }; };
/* End PBXBuildFile section */

/* Begin PBXCopyFilesBuildPhase section */
		12D364E51E719EEB000ED70B /* Embed Frameworks */ = {
			isa = PBXCopyFilesBuildPhase;
			buildActionMask = 2147483647;
			dstPath = "";
			dstSubfolderSpec = 10;
			files = (
				12D364E41E719EEA000ED70B /* TreeController.framework in Embed Frameworks */,
			);
			name = "Embed Frameworks";
			runOnlyForDeploymentPostprocessing = 0;
		};
/* End PBXCopyFilesBuildPhase section */

/* Begin PBXFileReference section */
		12D364B41E719AFF000ED70B /* Example.app */ = {isa = PBXFileReference; explicitFileType = wrapper.application; includeInIndex = 0; path = Example.app; sourceTree = BUILT_PRODUCTS_DIR; };
		12D364B71E719AFF000ED70B /* AppDelegate.swift */ = {isa = PBXFileReference; lastKnownFileType = sourcecode.swift; path = AppDelegate.swift; sourceTree = "<group>"; };
		12D364B91E719AFF000ED70B /* ViewController.swift */ = {isa = PBXFileReference; lastKnownFileType = sourcecode.swift; path = ViewController.swift; sourceTree = "<group>"; };
		12D364BC1E719AFF000ED70B /* Base */ = {isa = PBXFileReference; lastKnownFileType = file.storyboard; name = Base; path = Base.lproj/Main.storyboard; sourceTree = "<group>"; };
		12D364BE1E719AFF000ED70B /* Assets.xcassets */ = {isa = PBXFileReference; lastKnownFileType = folder.assetcatalog; path = Assets.xcassets; sourceTree = "<group>"; };
		12D364C11E719AFF000ED70B /* Base */ = {isa = PBXFileReference; lastKnownFileType = file.storyboard; name = Base; path = Base.lproj/LaunchScreen.storyboard; sourceTree = "<group>"; };
		12D364C31E719AFF000ED70B /* Info.plist */ = {isa = PBXFileReference; lastKnownFileType = text.plist.xml; path = Info.plist; sourceTree = "<group>"; };
		12D364E01E719CBB000ED70B /* cities.json */ = {isa = PBXFileReference; fileEncoding = 4; lastKnownFileType = text.json; name = cities.json; path = ../../cities.json; sourceTree = "<group>"; };
		12D364E21E719EEA000ED70B /* TreeController.framework */ = {isa = PBXFileReference; explicitFileType = wrapper.framework; path = TreeController.framework; sourceTree = BUILT_PRODUCTS_DIR; };
/* End PBXFileReference section */

/* Begin PBXFrameworksBuildPhase section */
		12D364B11E719AFF000ED70B /* Frameworks */ = {
			isa = PBXFrameworksBuildPhase;
			buildActionMask = 2147483647;
			files = (
				12D364E31E719EEA000ED70B /* TreeController.framework in Frameworks */,
			);
			runOnlyForDeploymentPostprocessing = 0;
		};
/* End PBXFrameworksBuildPhase section */

/* Begin PBXGroup section */
		12D364AB1E719AFF000ED70B = {
			isa = PBXGroup;
			children = (
				12D364E21E719EEA000ED70B /* TreeController.framework */,
				12D364B61E719AFF000ED70B /* Example */,
				12D364B51E719AFF000ED70B /* Products */,
			);
			sourceTree = "<group>";
		};
		12D364B51E719AFF000ED70B /* Products */ = {
			isa = PBXGroup;
			children = (
				12D364B41E719AFF000ED70B /* Example.app */,
			);
			name = Products;
			sourceTree = "<group>";
		};
		12D364B61E719AFF000ED70B /* Example */ = {
			isa = PBXGroup;
			children = (
				12D364B71E719AFF000ED70B /* AppDelegate.swift */,
				12D364B91E719AFF000ED70B /* ViewController.swift */,
				12D364BB1E719AFF000ED70B /* Main.storyboard */,
				12D364BE1E719AFF000ED70B /* Assets.xcassets */,
				12D364C01E719AFF000ED70B /* LaunchScreen.storyboard */,
				12D364E01E719CBB000ED70B /* cities.json */,
				12D364C31E719AFF000ED70B /* Info.plist */,
			);
			path = Example;
			sourceTree = "<group>";
		};
/* End PBXGroup section */

/* Begin PBXNativeTarget section */
		12D364B31E719AFF000ED70B /* Example */ = {
			isa = PBXNativeTarget;
			buildConfigurationList = 12D364C61E719AFF000ED70B /* Build configuration list for PBXNativeTarget "Example" */;
			buildPhases = (
				12D364B01E719AFF000ED70B /* Sources */,
				12D364B11E719AFF000ED70B /* Frameworks */,
				12D364B21E719AFF000ED70B /* Resources */,
				12D364E51E719EEB000ED70B /* Embed Frameworks */,
			);
			buildRules = (
			);
			dependencies = (
			);
			name = Example;
			productName = Example1;
			productReference = 12D364B41E719AFF000ED70B /* Example.app */;
			productType = "com.apple.product-type.application";
		};
/* End PBXNativeTarget section */

/* Begin PBXProject section */
		12D364AC1E719AFF000ED70B /* Project object */ = {
			isa = PBXProject;
			attributes = {
				LastSwiftUpdateCheck = 0820;
				LastUpgradeCheck = 0820;
				ORGANIZATIONNAME = "Artem Shimanski";
				TargetAttributes = {
					12D364B31E719AFF000ED70B = {
						CreatedOnToolsVersion = 8.2.1;
						DevelopmentTeam = YB4RLQ4M9A;
						LastSwiftMigration = 1000;
						ProvisioningStyle = Automatic;
					};
				};
			};
			buildConfigurationList = 12D364AF1E719AFF000ED70B /* Build configuration list for PBXProject "Example" */;
			compatibilityVersion = "Xcode 3.2";
			developmentRegion = English;
			hasScannedForEncodings = 0;
			knownRegions = (
				en,
				Base,
			);
			mainGroup = 12D364AB1E719AFF000ED70B;
			productRefGroup = 12D364B51E719AFF000ED70B /* Products */;
			projectDirPath = "";
			projectRoot = "";
			targets = (
				12D364B31E719AFF000ED70B /* Example */,
			);
		};
/* End PBXProject section */

/* Begin PBXResourcesBuildPhase section */
		12D364B21E719AFF000ED70B /* Resources */ = {
			isa = PBXResourcesBuildPhase;
			buildActionMask = 2147483647;
			files = (
				12D364E11E719CBB000ED70B /* cities.json in Resources */,
				12D364C21E719AFF000ED70B /* LaunchScreen.storyboard in Resources */,
				12D364BF1E719AFF000ED70B /* Assets.xcassets in Resources */,
				12D364BD1E719AFF000ED70B /* Main.storyboard in Resources */,
			);
			runOnlyForDeploymentPostprocessing = 0;
		};
/* End PBXResourcesBuildPhase section */

/* Begin PBXSourcesBuildPhase section */
		12D364B01E719AFF000ED70B /* Sources */ = {
			isa = PBXSourcesBuildPhase;
			buildActionMask = 2147483647;
			files = (
				12D364BA1E719AFF000ED70B /* ViewController.swift in Sources */,
				12D364B81E719AFF000ED70B /* AppDelegate.swift in Sources */,
			);
			runOnlyForDeploymentPostprocessing = 0;
		};
/* End PBXSourcesBuildPhase section */

/* Begin PBXVariantGroup section */
		12D364BB1E719AFF000ED70B /* Main.storyboard */ = {
			isa = PBXVariantGroup;
			children = (
				12D364BC1E719AFF000ED70B /* Base */,
			);
			name = Main.storyboard;
			sourceTree = "<group>";
		};
		12D364C01E719AFF000ED70B /* LaunchScreen.storyboard */ = {
			isa = PBXVariantGroup;
			children = (
				12D364C11E719AFF000ED70B /* Base */,
			);
			name = LaunchScreen.storyboard;
			sourceTree = "<group>";
		};
/* End PBXVariantGroup section */

/* Begin XCBuildConfiguration section */
		12D364C41E719AFF000ED70B /* Debug */ = {
			isa = XCBuildConfiguration;
			buildSettings = {
				ALWAYS_SEARCH_USER_PATHS = NO;
				CLANG_ANALYZER_NONNULL = YES;
				CLANG_CXX_LANGUAGE_STANDARD = "gnu++0x";
				CLANG_CXX_LIBRARY = "libc++";
				CLANG_ENABLE_MODULES = YES;
				CLANG_ENABLE_OBJC_ARC = YES;
				CLANG_WARN_BOOL_CONVERSION = YES;
				CLANG_WARN_CONSTANT_CONVERSION = YES;
				CLANG_WARN_DIRECT_OBJC_ISA_USAGE = YES_ERROR;
				CLANG_WARN_DOCUMENTATION_COMMENTS = YES;
				CLANG_WARN_EMPTY_BODY = YES;
				CLANG_WARN_ENUM_CONVERSION = YES;
				CLANG_WARN_INFINITE_RECURSION = YES;
				CLANG_WARN_INT_CONVERSION = YES;
				CLANG_WARN_OBJC_ROOT_CLASS = YES_ERROR;
				CLANG_WARN_SUSPICIOUS_MOVE = YES;
				CLANG_WARN_UNREACHABLE_CODE = YES;
				CLANG_WARN__DUPLICATE_METHOD_MATCH = YES;
				"CODE_SIGN_IDENTITY[sdk=iphoneos*]" = "iPhone Developer";
				COPY_PHASE_STRIP = NO;
				DEBUG_INFORMATION_FORMAT = dwarf;
				ENABLE_STRICT_OBJC_MSGSEND = YES;
				ENABLE_TESTABILITY = YES;
				GCC_C_LANGUAGE_STANDARD = gnu99;
				GCC_DYNAMIC_NO_PIC = NO;
				GCC_NO_COMMON_BLOCKS = YES;
				GCC_OPTIMIZATION_LEVEL = 0;
				GCC_PREPROCESSOR_DEFINITIONS = (
					"DEBUG=1",
					"$(inherited)",
				);
				GCC_WARN_64_TO_32_BIT_CONVERSION = YES;
				GCC_WARN_ABOUT_RETURN_TYPE = YES_ERROR;
				GCC_WARN_UNDECLARED_SELECTOR = YES;
				GCC_WARN_UNINITIALIZED_AUTOS = YES_AGGRESSIVE;
				GCC_WARN_UNUSED_FUNCTION = YES;
				GCC_WARN_UNUSED_VARIABLE = YES;
				IPHONEOS_DEPLOYMENT_TARGET = 10.2;
				MTL_ENABLE_DEBUG_INFO = YES;
				ONLY_ACTIVE_ARCH = YES;
				SDKROOT = iphoneos;
				SWIFT_ACTIVE_COMPILATION_CONDITIONS = DEBUG;
				SWIFT_OPTIMIZATION_LEVEL = "-Onone";
			};
			name = Debug;
		};
		12D364C51E719AFF000ED70B /* Release */ = {
			isa = XCBuildConfiguration;
			buildSettings = {
				ALWAYS_SEARCH_USER_PATHS = NO;
				CLANG_ANALYZER_NONNULL = YES;
				CLANG_CXX_LANGUAGE_STANDARD = "gnu++0x";
				CLANG_CXX_LIBRARY = "libc++";
				CLANG_ENABLE_MODULES = YES;
				CLANG_ENABLE_OBJC_ARC = YES;
				CLANG_WARN_BOOL_CONVERSION = YES;
				CLANG_WARN_CONSTANT_CONVERSION = YES;
				CLANG_WARN_DIRECT_OBJC_ISA_USAGE = YES_ERROR;
				CLANG_WARN_DOCUMENTATION_COMMENTS = YES;
				CLANG_WARN_EMPTY_BODY = YES;
				CLANG_WARN_ENUM_CONVERSION = YES;
				CLANG_WARN_INFINITE_RECURSION = YES;
				CLANG_WARN_INT_CONVERSION = YES;
				CLANG_WARN_OBJC_ROOT_CLASS = YES_ERROR;
				CLANG_WARN_SUSPICIOUS_MOVE = YES;
				CLANG_WARN_UNREACHABLE_CODE = YES;
				CLANG_WARN__DUPLICATE_METHOD_MATCH = YES;
				"CODE_SIGN_IDENTITY[sdk=iphoneos*]" = "iPhone Developer";
				COPY_PHASE_STRIP = NO;
				DEBUG_INFORMATION_FORMAT = "dwarf-with-dsym";
				ENABLE_NS_ASSERTIONS = NO;
				ENABLE_STRICT_OBJC_MSGSEND = YES;
				GCC_C_LANGUAGE_STANDARD = gnu99;
				GCC_NO_COMMON_BLOCKS = YES;
				GCC_WARN_64_TO_32_BIT_CONVERSION = YES;
				GCC_WARN_ABOUT_RETURN_TYPE = YES_ERROR;
				GCC_WARN_UNDECLARED_SELECTOR = YES;
				GCC_WARN_UNINITIALIZED_AUTOS = YES_AGGRESSIVE;
				GCC_WARN_UNUSED_FUNCTION = YES;
				GCC_WARN_UNUSED_VARIABLE = YES;
				IPHONEOS_DEPLOYMENT_TARGET = 10.2;
				MTL_ENABLE_DEBUG_INFO = NO;
				SDKROOT = iphoneos;
				SWIFT_OPTIMIZATION_LEVEL = "-Owholemodule";
				VALIDATE_PRODUCT = YES;
			};
			name = Release;
		};
		12D364C71E719AFF000ED70B /* Debug */ = {
			isa = XCBuildConfiguration;
			buildSettings = {
				ASSETCATALOG_COMPILER_APPICON_NAME = AppIcon;
				DEVELOPMENT_TEAM = YB4RLQ4M9A;
				INFOPLIST_FILE = Example/Info.plist;
				LD_RUNPATH_SEARCH_PATHS = "$(inherited) @executable_path/Frameworks";
				PRODUCT_BUNDLE_IDENTIFIER = com.shimanski.Example;
				PRODUCT_NAME = "$(TARGET_NAME)";
				SWIFT_VERSION = 4.2;
			};
			name = Debug;
		};
		12D364C81E719AFF000ED70B /* Release */ = {
			isa = XCBuildConfiguration;
			buildSettings = {
				ASSETCATALOG_COMPILER_APPICON_NAME = AppIcon;
				DEVELOPMENT_TEAM = YB4RLQ4M9A;
				INFOPLIST_FILE = Example/Info.plist;
				LD_RUNPATH_SEARCH_PATHS = "$(inherited) @executable_path/Frameworks";
				PRODUCT_BUNDLE_IDENTIFIER = com.shimanski.Example;
				PRODUCT_NAME = "$(TARGET_NAME)";
				SWIFT_VERSION = 4.2;
			};
			name = Release;
		};
/* End XCBuildConfiguration section */

/* Begin XCConfigurationList section */
		12D364AF1E719AFF000ED70B /* Build configuration list for PBXProject "Example" */ = {
			isa = XCConfigurationList;
			buildConfigurations = (
				12D364C41E719AFF000ED70B /* Debug */,
				12D364C51E719AFF000ED70B /* Release */,
			);
			defaultConfigurationIsVisible = 0;
			defaultConfigurationName = Release;
		};
		12D364C61E719AFF000ED70B /* Build configuration list for PBXNativeTarget "Example" */ = {
			isa = XCConfigurationList;
			buildConfigurations = (
				12D364C71E719AFF000ED70B /* Debug */,
				12D364C81E719AFF000ED70B /* Release */,
			);
			defaultConfigurationIsVisible = 0;
			defaultConfigurationName = Release;
		};
/* End XCConfigurationList section */
	};
	rootObject = 12D364AC1E719AFF000ED70B /* Project object */;
}
